{
  "name": "compiler",
  "lockfileVersion": 2,
  "requires": true,
  "packages": {
    "": {
      "dependencies": {
        "date-and-time": "^2.3.1",
        "luamin": "^1.0.4"
      }
    },
    "node_modules/date-and-time": {
      "version": "2.3.1",
      "resolved": "https://registry.npmjs.org/date-and-time/-/date-and-time-2.3.1.tgz",
      "integrity": "sha512-OaIRmSJXifwEN21rMVVDs0Kz8uhJ3wWPYd86atkRiqN54liaMQYEbbrgjZQea75YXOBWL4ZFb3rG/waenw1TEg=="
    },
    "node_modules/luamin": {
      "version": "1.0.4",
      "resolved": "https://registry.npmjs.org/luamin/-/luamin-1.0.4.tgz",
      "integrity": "sha1-lEUptY/G+k0x6s4uA1PUEhDw49M=",
      "dependencies": {
        "luaparse": "^0.2.1"
      },
      "bin": {
        "luamin": "bin/luamin"
      }
    },
    "node_modules/luaparse": {
      "version": "0.2.1",
      "resolved": "https://registry.npmjs.org/luaparse/-/luaparse-0.2.1.tgz",
      "integrity": "sha1-qo9WEysN6X0388mRqd9C4OF/ZWw=",
      "bin": {
        "luaparse": "bin/luaparse"
      }
    }
  },
  "dependencies": {
    "date-and-time": {
      "version": "2.3.1",
      "resolved": "https://registry.npmjs.org/date-and-time/-/date-and-time-2.3.1.tgz",
      "integrity": "sha512-OaIRmSJXifwEN21rMVVDs0Kz8uhJ3wWPYd86atkRiqN54liaMQYEbbrgjZQea75YXOBWL4ZFb3rG/waenw1TEg=="
    },
    "luamin": {
      "version": "1.0.4",
      "resolved": "https://registry.npmjs.org/luamin/-/luamin-1.0.4.tgz",
      "integrity": "sha1-lEUptY/G+k0x6s4uA1PUEhDw49M=",
      "requires": {
        "luaparse": "^0.2.1"
      }
    },
    "luaparse": {
      "version": "0.2.1",
      "resolved": "https://registry.npmjs.org/luaparse/-/luaparse-0.2.1.tgz",
      "integrity": "sha1-qo9WEysN6X0388mRqd9C4OF/ZWw="
    }
  }
}
